
Microsoft Visual Studio Solution File, Format Version 12.00
# Visual Studio Version 17
VisualStudioVersion = 17.0.32014.148
MinimumVisualStudioVersion = 10.0.40219.1
Project("{FAE04EC0-301F-11D3-BF4B-00C04F79EFBC}") = "HelloWorldWPF", "HelloWorldWPF\HelloWorldWPF.csproj", "{CC549637-DBD5-4139-B6B2-EBB874345499}"
EndProject
Global
	GlobalSection(SolutionConfigurationPlatforms) = preSolution
		Debug|Any CPU = Debug|Any CPU
		Release|Any CPU = Release|Any CPU
	EndGlobalSection
	GlobalSection(ProjectConfigurationPlatforms) = postSolution
		{CC549637-DBD5-4139-B6B2-EBB874345499}.Debug|Any CPU.ActiveCfg = Debug|Any CPU
		{CC549637-DBD5-4139-B6B2-EBB874345499}.Debug|Any CPU.Build.0 = Debug|Any CPU
		{CC549637-DBD5-4139-B6B2-EBB874345499}.Release|Any CPU.ActiveCfg = Release|Any CPU
		{CC549637-DBD5-4139-B6B2-EBB874345499}.Release|Any CPU.Build.0 = Release|Any CPU
	EndGlobalSection
	GlobalSection(SolutionProperties) = preSolution
		HideSolutionNode = FALSE
	EndGlobalSection
	GlobalSection(ExtensibilityGlobals) = postSolution
		SolutionGuid = {73868D2C-8167-43FE-B594-B10CDD6BCBE2}
	EndGlobalSection
EndGlobal
